<?xml version="1.0" encoding="utf-8"?>
<Project ToolsVersion="4.0" xmlns="http://schemas.microsoft.com/developer/msbuild/2003">
  <ItemGroup>
    <Filter Include="Resource Files">
      <UniqueIdentifier>{67DA6AB6-F800-4c08-8B7A-83BB121AAD01}</UniqueIdentifier>
      <Extensions>rc;ico;cur;bmp;dlg;rc2;rct;bin;rgs;gif;jpg;jpeg;jpe;resx;tiff;tif;png;wav;mfcribbon-ms</Extensions>
    </Filter>
    <Filter Include="action">
      <UniqueIdentifier>{b42d80d4-a6db-4f73-9884-d547027f7955}</UniqueIdentifier>
    </Filter>
  </ItemGroup>
  <ItemGroup>
    <Text Include="ReadMe.txt" />
  </ItemGroup>
  <ItemGroup>
    <ClInclude Include="targetver.h" />
    <ClInclude Include="stdafx.h" />
    <ClInclude Include="grouped_by.h" />
    <ClInclude Include="action\joined.h">
      <Filter>action</Filter>
    </ClInclude>
    <ClInclude Include="iota.h" />
    <ClInclude Include="date_by_day.h" />
    <ClInclude Include="chunked.h" />
  </ItemGroup>
  <ItemGroup>
    <ClCompile Include="stdafx.cpp" />
    <ClCompile Include="BoostRangeAndV3.cpp" />
    <ClCompile Include="grouped_by.cpp" />
    <ClCompile Include="iota.cpp" />
    <ClCompile Include="date_by_day.cpp" />
    <ClCompile Include="chunked.cpp" />
  </ItemGroup>
</Project>